
Microsoft Visual Studio Solution File, Format Version 12.00
# Visual Studio Version 17
VisualStudioVersion = 17.9.34622.214
MinimumVisualStudioVersion = 10.0.40219.1
Project("{9A19103F-16F7-4668-BE54-9A1E7A4F7556}") = "MediatorSample.WebApi", "MediatorSampleWebApplication\MediatorSample.WebApi.csproj", "{4544B0B0-DB33-4E03-A79D-6C07AD0DF85C}"
EndProject
Project("{FAE04EC0-301F-11D3-BF4B-00C04F79EFBC}") = "MediatorSample.Domain", "MediatorSample.Domain\MediatorSample.Domain.csproj", "{9E1FEE46-7AB8-408C-A48B-4B86E90CD087}"
EndProject
Global
	GlobalSection(SolutionConfigurationPlatforms) = preSolution
		Debug|Any CPU = Debug|Any CPU
		Release|Any CPU = Release|Any CPU
	EndGlobalSection
	GlobalSection(ProjectConfigurationPlatforms) = postSolution
		{4544B0B0-DB33-4E03-A79D-6C07AD0DF85C}.Debug|Any CPU.ActiveCfg = Debug|Any CPU
		{4544B0B0-DB33-4E03-A79D-6C07AD0DF85C}.Debug|Any CPU.Build.0 = Debug|Any CPU
		{4544B0B0-DB33-4E03-A79D-6C07AD0DF85C}.Release|Any CPU.ActiveCfg = Release|Any CPU
		{4544B0B0-DB33-4E03-A79D-6C07AD0DF85C}.Release|Any CPU.Build.0 = Release|Any CPU
		{9E1FEE46-7AB8-408C-A48B-4B86E90CD087}.Debug|Any CPU.ActiveCfg = Debug|Any CPU
		{9E1FEE46-7AB8-408C-A48B-4B86E90CD087}.Debug|Any CPU.Build.0 = Debug|Any CPU
		{9E1FEE46-7AB8-408C-A48B-4B86E90CD087}.Release|Any CPU.ActiveCfg = Release|Any CPU
		{9E1FEE46-7AB8-408C-A48B-4B86E90CD087}.Release|Any CPU.Build.0 = Release|Any CPU
	EndGlobalSection
	GlobalSection(SolutionProperties) = preSolution
		HideSolutionNode = FALSE
	EndGlobalSection
	GlobalSection(ExtensibilityGlobals) = postSolution
		SolutionGuid = {96AFE467-FE65-42A1-8301-EB96E05D4B16}
	EndGlobalSection
EndGlobal
